
Microsoft Visual Studio Solution File, Format Version 12.00
# Visual Studio Version 17
VisualStudioVersion = 17.8.34408.163
MinimumVisualStudioVersion = 10.0.40219.1
Project("{FAE04EC0-301F-11D3-BF4B-00C04F79EFBC}") = "EFCustomerProjectDesktop", "EFCustomerProjectDesktop\EFCustomerProjectDesktop.csproj", "{0BE8D596-6C03-40A7-AFA0-A953B4A1B00F}"
EndProject
Global
	GlobalSection(SolutionConfigurationPlatforms) = preSolution
		Debug|Any CPU = Debug|Any CPU
		Release|Any CPU = Release|Any CPU
	EndGlobalSection
	GlobalSection(ProjectConfigurationPlatforms) = postSolution
		{0BE8D596-6C03-40A7-AFA0-A953B4A1B00F}.Debug|Any CPU.ActiveCfg = Debug|Any CPU
		{0BE8D596-6C03-40A7-AFA0-A953B4A1B00F}.Debug|Any CPU.Build.0 = Debug|Any CPU
		{0BE8D596-6C03-40A7-AFA0-A953B4A1B00F}.Release|Any CPU.ActiveCfg = Release|Any CPU
		{0BE8D596-6C03-40A7-AFA0-A953B4A1B00F}.Release|Any CPU.Build.0 = Release|Any CPU
	EndGlobalSection
	GlobalSection(SolutionProperties) = preSolution
		HideSolutionNode = FALSE
	EndGlobalSection
	GlobalSection(ExtensibilityGlobals) = postSolution
		SolutionGuid = {2CF51678-3BE8-497F-8EE9-B17F3A17B34A}
	EndGlobalSection
EndGlobal
